{
  "name": "@jakkrichm/create-nexus-devflow",
  "version": "2.0.14",
  "lockfileVersion": 3,
  "requires": true,
  "packages": {
    "": {
      "name": "@jakkrichm/create-nexus-devflow",
      "version": "2.0.14",
      "license": "MIT",
      "bin": {
        "create-nexus-devflow": "dist/bin/create-nexus-devflow.js",
        "nexus-devflow": "dist/bin/create-nexus-devflow.js"
      },
      "engines": {
        "node": ">=18"
      }
    }
  }
}
